
Microsoft Visual Studio Solution File, Format Version 12.00
# Visual Studio Version 17
VisualStudioVersion = 17.2.32630.192
MinimumVisualStudioVersion = 10.0.40219.1
Project("{FAE04EC0-301F-11D3-BF4B-00C04F79EFBC}") = "Receiver", "Receiver\Receiver.csproj", "{2641046E-709B-4500-8516-336F814F76C7}"
EndProject
Project("{FAE04EC0-301F-11D3-BF4B-00C04F79EFBC}") = "Receiver.TestProject", "..\Receiver.TestProject\Receiver.TestProject.csproj", "{02D28486-EE35-4634-B83E-C09752B35F6E}"
EndProject
Global
	GlobalSection(SolutionConfigurationPlatforms) = preSolution
		Debug|Any CPU = Debug|Any CPU
		Release|Any CPU = Release|Any CPU
	EndGlobalSection
	GlobalSection(ProjectConfigurationPlatforms) = postSolution
		{2641046E-709B-4500-8516-336F814F76C7}.Debug|Any CPU.ActiveCfg = Debug|Any CPU
		{2641046E-709B-4500-8516-336F814F76C7}.Debug|Any CPU.Build.0 = Debug|Any CPU
		{2641046E-709B-4500-8516-336F814F76C7}.Release|Any CPU.ActiveCfg = Release|Any CPU
		{2641046E-709B-4500-8516-336F814F76C7}.Release|Any CPU.Build.0 = Release|Any CPU
		{02D28486-EE35-4634-B83E-C09752B35F6E}.Debug|Any CPU.ActiveCfg = Debug|Any CPU
		{02D28486-EE35-4634-B83E-C09752B35F6E}.Debug|Any CPU.Build.0 = Debug|Any CPU
		{02D28486-EE35-4634-B83E-C09752B35F6E}.Release|Any CPU.ActiveCfg = Release|Any CPU
		{02D28486-EE35-4634-B83E-C09752B35F6E}.Release|Any CPU.Build.0 = Release|Any CPU
	EndGlobalSection
	GlobalSection(SolutionProperties) = preSolution
		HideSolutionNode = FALSE
	EndGlobalSection
	GlobalSection(ExtensibilityGlobals) = postSolution
		SolutionGuid = {54668A62-0C84-463D-A58E-CA0E794502AC}
	EndGlobalSection
EndGlobal
